
Microsoft Visual Studio Solution File, Format Version 12.00
# Visual Studio 15
VisualStudioVersion = 15.0.27004.2010
MinimumVisualStudioVersion = 10.0.40219.1
Project("{FAE04EC0-301F-11D3-BF4B-00C04F79EFBC}") = "Masks", "Masks\Masks.csproj", "{8276127E-07D9-49BD-86DD-6895A51359BC}"
EndProject
Global
	GlobalSection(SolutionConfigurationPlatforms) = preSolution
		Debug|Any CPU = Debug|Any CPU
		Release|Any CPU = Release|Any CPU
	EndGlobalSection
	GlobalSection(ProjectConfigurationPlatforms) = postSolution
		{8276127E-07D9-49BD-86DD-6895A51359BC}.Debug|Any CPU.ActiveCfg = Debug|Any CPU
		{8276127E-07D9-49BD-86DD-6895A51359BC}.Debug|Any CPU.Build.0 = Debug|Any CPU
		{8276127E-07D9-49BD-86DD-6895A51359BC}.Release|Any CPU.ActiveCfg = Release|Any CPU
		{8276127E-07D9-49BD-86DD-6895A51359BC}.Release|Any CPU.Build.0 = Release|Any CPU
	EndGlobalSection
	GlobalSection(SolutionProperties) = preSolution
		HideSolutionNode = FALSE
	EndGlobalSection
	GlobalSection(ExtensibilityGlobals) = postSolution
		SolutionGuid = {7EA74AF0-7FE4-4A86-A920-A112F6729E4B}
	EndGlobalSection
EndGlobal
